
Microsoft Visual Studio Solution File, Format Version 12.00
# Visual Studio Version 17
VisualStudioVersion = 17.8.34525.116
MinimumVisualStudioVersion = 10.0.40219.1
Project("{FAE04EC0-301F-11D3-BF4B-00C04F79EFBC}") = "Workaround", "Workaround\Workaround.csproj", "{298E3615-4DFA-4E5E-88D5-1E3E440B2581}"
EndProject
Project("{9A19103F-16F7-4668-BE54-9A1E7A4F7556}") = "Business", "Business\Business.csproj", "{7E180024-D0AC-45F0-AD39-700BDC8D4EA5}"
EndProject
Project("{FAE04EC0-301F-11D3-BF4B-00C04F79EFBC}") = "Entities", "Entities\Entities.csproj", "{580F03CC-4F52-4955-B623-CD8ADF7110EF}"
EndProject
Global
	GlobalSection(SolutionConfigurationPlatforms) = preSolution
		Debug|Any CPU = Debug|Any CPU
		Release|Any CPU = Release|Any CPU
	EndGlobalSection
	GlobalSection(ProjectConfigurationPlatforms) = postSolution
		{298E3615-4DFA-4E5E-88D5-1E3E440B2581}.Debug|Any CPU.ActiveCfg = Debug|Any CPU
		{298E3615-4DFA-4E5E-88D5-1E3E440B2581}.Debug|Any CPU.Build.0 = Debug|Any CPU
		{298E3615-4DFA-4E5E-88D5-1E3E440B2581}.Release|Any CPU.ActiveCfg = Release|Any CPU
		{298E3615-4DFA-4E5E-88D5-1E3E440B2581}.Release|Any CPU.Build.0 = Release|Any CPU
		{7E180024-D0AC-45F0-AD39-700BDC8D4EA5}.Debug|Any CPU.ActiveCfg = Debug|Any CPU
		{7E180024-D0AC-45F0-AD39-700BDC8D4EA5}.Debug|Any CPU.Build.0 = Debug|Any CPU
		{7E180024-D0AC-45F0-AD39-700BDC8D4EA5}.Release|Any CPU.ActiveCfg = Release|Any CPU
		{7E180024-D0AC-45F0-AD39-700BDC8D4EA5}.Release|Any CPU.Build.0 = Release|Any CPU
		{580F03CC-4F52-4955-B623-CD8ADF7110EF}.Debug|Any CPU.ActiveCfg = Debug|Any CPU
		{580F03CC-4F52-4955-B623-CD8ADF7110EF}.Debug|Any CPU.Build.0 = Debug|Any CPU
		{580F03CC-4F52-4955-B623-CD8ADF7110EF}.Release|Any CPU.ActiveCfg = Release|Any CPU
		{580F03CC-4F52-4955-B623-CD8ADF7110EF}.Release|Any CPU.Build.0 = Release|Any CPU
	EndGlobalSection
	GlobalSection(SolutionProperties) = preSolution
		HideSolutionNode = FALSE
	EndGlobalSection
	GlobalSection(ExtensibilityGlobals) = postSolution
		SolutionGuid = {694C81AF-1876-495F-AC72-9D222B237202}
	EndGlobalSection
EndGlobal
